
Microsoft Visual Studio Solution File, Format Version 12.00
# Visual Studio 2013
VisualStudioVersion = 12.0.21005.1
MinimumVisualStudioVersion = 10.0.40219.1
Project("{FAE04EC0-301F-11D3-BF4B-00C04F79EFBC}") = "iS3.Server", "iS3.Server\iS3.Server.csproj", "{2F8A0E04-9C7A-479E-B114-08583905605C}"
EndProject
Project("{FAE04EC0-301F-11D3-BF4B-00C04F79EFBC}") = "iS3.Server.Tests", "iS3.Server.Tests\iS3.Server.Tests.csproj", "{73F10A23-B3FA-4344-AE84-FA4B5685CB1D}"
EndProject
Global
	GlobalSection(SolutionConfigurationPlatforms) = preSolution
		Debug|Any CPU = Debug|Any CPU
		Release|Any CPU = Release|Any CPU
	EndGlobalSection
	GlobalSection(ProjectConfigurationPlatforms) = postSolution
		{2F8A0E04-9C7A-479E-B114-08583905605C}.Debug|Any CPU.ActiveCfg = Debug|Any CPU
		{2F8A0E04-9C7A-479E-B114-08583905605C}.Debug|Any CPU.Build.0 = Debug|Any CPU
		{2F8A0E04-9C7A-479E-B114-08583905605C}.Release|Any CPU.ActiveCfg = Release|Any CPU
		{2F8A0E04-9C7A-479E-B114-08583905605C}.Release|Any CPU.Build.0 = Release|Any CPU
		{73F10A23-B3FA-4344-AE84-FA4B5685CB1D}.Debug|Any CPU.ActiveCfg = Debug|Any CPU
		{73F10A23-B3FA-4344-AE84-FA4B5685CB1D}.Debug|Any CPU.Build.0 = Debug|Any CPU
		{73F10A23-B3FA-4344-AE84-FA4B5685CB1D}.Release|Any CPU.ActiveCfg = Release|Any CPU
		{73F10A23-B3FA-4344-AE84-FA4B5685CB1D}.Release|Any CPU.Build.0 = Release|Any CPU
	EndGlobalSection
	GlobalSection(SolutionProperties) = preSolution
		HideSolutionNode = FALSE
	EndGlobalSection
EndGlobal
